
Microsoft Visual Studio Solution File, Format Version 12.00
# Visual Studio Version 16
VisualStudioVersion = 16.0.29613.14
MinimumVisualStudioVersion = 10.0.40219.1
Project("{FAE04EC0-301F-11D3-BF4B-00C04F79EFBC}") = "E-Share", "E-Share\E-Share.csproj", "{4DDF50AA-029F-41EA-A1C0-7EEDFE202050}"
EndProject
Global
	GlobalSection(SolutionConfigurationPlatforms) = preSolution
		Debug|Any CPU = Debug|Any CPU
		Release|Any CPU = Release|Any CPU
	EndGlobalSection
	GlobalSection(ProjectConfigurationPlatforms) = postSolution
		{4DDF50AA-029F-41EA-A1C0-7EEDFE202050}.Debug|Any CPU.ActiveCfg = Debug|Any CPU
		{4DDF50AA-029F-41EA-A1C0-7EEDFE202050}.Debug|Any CPU.Build.0 = Debug|Any CPU
		{4DDF50AA-029F-41EA-A1C0-7EEDFE202050}.Release|Any CPU.ActiveCfg = Release|Any CPU
		{4DDF50AA-029F-41EA-A1C0-7EEDFE202050}.Release|Any CPU.Build.0 = Release|Any CPU
	EndGlobalSection
	GlobalSection(SolutionProperties) = preSolution
		HideSolutionNode = FALSE
	EndGlobalSection
	GlobalSection(ExtensibilityGlobals) = postSolution
		SolutionGuid = {16558F65-F463-47A9-AD6A-B1B1305C61CD}
	EndGlobalSection
EndGlobal
